
Microsoft Visual Studio Solution File, Format Version 12.00
# Visual Studio 14
VisualStudioVersion = 14.0.25123.0
MinimumVisualStudioVersion = 10.0.40219.1
Project("{FAE04EC0-301F-11D3-BF4B-00C04F79EFBC}") = "SocialMentorApp.iOS", "iOS\SocialMentorApp.iOS.csproj", "{DE943B96-4246-4C39-AE67-A0D082158C85}"
EndProject
Project("{FAE04EC0-301F-11D3-BF4B-00C04F79EFBC}") = "SocialMentorApp.Droid", "Droid\SocialMentorApp.Droid.csproj", "{FE9BBF63-224D-4361-886A-1C9B72448B8B}"
EndProject
Project("{D954291E-2A0B-460D-934E-DC6B0785DB48}") = "SocialMentorApp", "SocialMentorApp\SocialMentorApp.shproj", "{D7A0C102-B564-4072-B458-DBFF564E0957}"
EndProject
Project("{FAE04EC0-301F-11D3-BF4B-00C04F79EFBC}") = "SocialMentorApp.UITests", "UITests\SocialMentorApp.UITests.csproj", "{288E7A52-FC5B-46B9-AB0C-629401E68532}"
EndProject
Global
	GlobalSection(SharedMSBuildProjectFiles) = preSolution
		SocialMentorApp\SocialMentorApp.projitems*{d7a0c102-b564-4072-b458-dbff564e0957}*SharedItemsImports = 13
		SocialMentorApp\SocialMentorApp.projitems*{fe9bbf63-224d-4361-886a-1c9b72448b8b}*SharedItemsImports = 4
		SocialMentorApp\SocialMentorApp.projitems*{de943b96-4246-4c39-ae67-a0d082158c85}*SharedItemsImports = 4
	EndGlobalSection
	GlobalSection(SolutionConfigurationPlatforms) = preSolution
		Debug|Any CPU = Debug|Any CPU
		Debug|iPhone = Debug|iPhone
		Debug|iPhoneSimulator = Debug|iPhoneSimulator
		Release|Any CPU = Release|Any CPU
		Release|iPhone = Release|iPhone
		Release|iPhoneSimulator = Release|iPhoneSimulator
	EndGlobalSection
	GlobalSection(ProjectConfigurationPlatforms) = postSolution
		{DE943B96-4246-4C39-AE67-A0D082158C85}.Debug|Any CPU.ActiveCfg = Debug|iPhoneSimulator
		{DE943B96-4246-4C39-AE67-A0D082158C85}.Debug|Any CPU.Build.0 = Debug|iPhoneSimulator
		{DE943B96-4246-4C39-AE67-A0D082158C85}.Debug|iPhone.ActiveCfg = Debug|iPhone
		{DE943B96-4246-4C39-AE67-A0D082158C85}.Debug|iPhone.Build.0 = Debug|iPhone
		{DE943B96-4246-4C39-AE67-A0D082158C85}.Debug|iPhoneSimulator.ActiveCfg = Debug|iPhoneSimulator
		{DE943B96-4246-4C39-AE67-A0D082158C85}.Debug|iPhoneSimulator.Build.0 = Debug|iPhoneSimulator
		{DE943B96-4246-4C39-AE67-A0D082158C85}.Release|Any CPU.ActiveCfg = Release|iPhone
		{DE943B96-4246-4C39-AE67-A0D082158C85}.Release|Any CPU.Build.0 = Release|iPhone
		{DE943B96-4246-4C39-AE67-A0D082158C85}.Release|iPhone.ActiveCfg = Release|iPhone
		{DE943B96-4246-4C39-AE67-A0D082158C85}.Release|iPhone.Build.0 = Release|iPhone
		{DE943B96-4246-4C39-AE67-A0D082158C85}.Release|iPhoneSimulator.ActiveCfg = Release|iPhoneSimulator
		{DE943B96-4246-4C39-AE67-A0D082158C85}.Release|iPhoneSimulator.Build.0 = Release|iPhoneSimulator
		{FE9BBF63-224D-4361-886A-1C9B72448B8B}.Debug|Any CPU.ActiveCfg = Debug|Any CPU
		{FE9BBF63-224D-4361-886A-1C9B72448B8B}.Debug|Any CPU.Build.0 = Debug|Any CPU
		{FE9BBF63-224D-4361-886A-1C9B72448B8B}.Debug|iPhone.ActiveCfg = Debug|Any CPU
		{FE9BBF63-224D-4361-886A-1C9B72448B8B}.Debug|iPhone.Build.0 = Debug|Any CPU
		{FE9BBF63-224D-4361-886A-1C9B72448B8B}.Debug|iPhoneSimulator.ActiveCfg = Debug|Any CPU
		{FE9BBF63-224D-4361-886A-1C9B72448B8B}.Debug|iPhoneSimulator.Build.0 = Debug|Any CPU
		{FE9BBF63-224D-4361-886A-1C9B72448B8B}.Release|Any CPU.ActiveCfg = Release|Any CPU
		{FE9BBF63-224D-4361-886A-1C9B72448B8B}.Release|Any CPU.Build.0 = Release|Any CPU
		{FE9BBF63-224D-4361-886A-1C9B72448B8B}.Release|iPhone.ActiveCfg = Release|Any CPU
		{FE9BBF63-224D-4361-886A-1C9B72448B8B}.Release|iPhone.Build.0 = Release|Any CPU
		{FE9BBF63-224D-4361-886A-1C9B72448B8B}.Release|iPhoneSimulator.ActiveCfg = Release|Any CPU
		{FE9BBF63-224D-4361-886A-1C9B72448B8B}.Release|iPhoneSimulator.Build.0 = Release|Any CPU
		{288E7A52-FC5B-46B9-AB0C-629401E68532}.Debug|Any CPU.ActiveCfg = Debug|Any CPU
		{288E7A52-FC5B-46B9-AB0C-629401E68532}.Debug|Any CPU.Build.0 = Debug|Any CPU
		{288E7A52-FC5B-46B9-AB0C-629401E68532}.Debug|iPhone.ActiveCfg = Debug|Any CPU
		{288E7A52-FC5B-46B9-AB0C-629401E68532}.Debug|iPhone.Build.0 = Debug|Any CPU
		{288E7A52-FC5B-46B9-AB0C-629401E68532}.Debug|iPhoneSimulator.ActiveCfg = Debug|Any CPU
		{288E7A52-FC5B-46B9-AB0C-629401E68532}.Debug|iPhoneSimulator.Build.0 = Debug|Any CPU
		{288E7A52-FC5B-46B9-AB0C-629401E68532}.Release|Any CPU.ActiveCfg = Release|Any CPU
		{288E7A52-FC5B-46B9-AB0C-629401E68532}.Release|Any CPU.Build.0 = Release|Any CPU
		{288E7A52-FC5B-46B9-AB0C-629401E68532}.Release|iPhone.ActiveCfg = Release|Any CPU
		{288E7A52-FC5B-46B9-AB0C-629401E68532}.Release|iPhone.Build.0 = Release|Any CPU
		{288E7A52-FC5B-46B9-AB0C-629401E68532}.Release|iPhoneSimulator.ActiveCfg = Release|Any CPU
		{288E7A52-FC5B-46B9-AB0C-629401E68532}.Release|iPhoneSimulator.Build.0 = Release|Any CPU
	EndGlobalSection
	GlobalSection(SolutionProperties) = preSolution
		HideSolutionNode = FALSE
	EndGlobalSection
EndGlobal
